
Microsoft Visual Studio Solution File, Format Version 12.00
# Visual Studio Version 16
VisualStudioVersion = 16.0.29209.62
MinimumVisualStudioVersion = 15.0.26124.0
Project("{9A19103F-16F7-4668-BE54-9A1E7A4F7556}") = "EventReservations", "EventReservations\EventReservations.csproj", "{D386FB82-162C-470A-80B8-826D3C848210}"
EndProject
Global
	GlobalSection(SolutionConfigurationPlatforms) = preSolution
		Debug|Any CPU = Debug|Any CPU
		Debug|x64 = Debug|x64
		Debug|x86 = Debug|x86
		Release|Any CPU = Release|Any CPU
		Release|x64 = Release|x64
		Release|x86 = Release|x86
	EndGlobalSection
	GlobalSection(ProjectConfigurationPlatforms) = postSolution
		{D386FB82-162C-470A-80B8-826D3C848210}.Debug|Any CPU.ActiveCfg = Debug|Any CPU
		{D386FB82-162C-470A-80B8-826D3C848210}.Debug|Any CPU.Build.0 = Debug|Any CPU
		{D386FB82-162C-470A-80B8-826D3C848210}.Debug|x64.ActiveCfg = Debug|Any CPU
		{D386FB82-162C-470A-80B8-826D3C848210}.Debug|x64.Build.0 = Debug|Any CPU
		{D386FB82-162C-470A-80B8-826D3C848210}.Debug|x86.ActiveCfg = Debug|Any CPU
		{D386FB82-162C-470A-80B8-826D3C848210}.Debug|x86.Build.0 = Debug|Any CPU
		{D386FB82-162C-470A-80B8-826D3C848210}.Release|Any CPU.ActiveCfg = Release|Any CPU
		{D386FB82-162C-470A-80B8-826D3C848210}.Release|Any CPU.Build.0 = Release|Any CPU
		{D386FB82-162C-470A-80B8-826D3C848210}.Release|x64.ActiveCfg = Release|Any CPU
		{D386FB82-162C-470A-80B8-826D3C848210}.Release|x64.Build.0 = Release|Any CPU
		{D386FB82-162C-470A-80B8-826D3C848210}.Release|x86.ActiveCfg = Release|Any CPU
		{D386FB82-162C-470A-80B8-826D3C848210}.Release|x86.Build.0 = Release|Any CPU
	EndGlobalSection
	GlobalSection(SolutionProperties) = preSolution
		HideSolutionNode = FALSE
	EndGlobalSection
	GlobalSection(ExtensibilityGlobals) = postSolution
		SolutionGuid = {6144317E-C697-4F3D-9A9C-9EEB204F855F}
	EndGlobalSection
EndGlobal
